
Microsoft Visual Studio Solution File, Format Version 12.00
# Visual Studio 15
VisualStudioVersion = 15.0.27703.2000
MinimumVisualStudioVersion = 10.0.40219.1
Project("{FAE04EC0-301F-11D3-BF4B-00C04F79EFBC}") = "DemoApp", "DemoApp\DemoApp.csproj", "{450F6D2D-2EBA-477E-8DC4-975ED3F79CB9}"
EndProject
Global
	GlobalSection(SolutionConfigurationPlatforms) = preSolution
		Debug|Any CPU = Debug|Any CPU
		Release|Any CPU = Release|Any CPU
	EndGlobalSection
	GlobalSection(ProjectConfigurationPlatforms) = postSolution
		{450F6D2D-2EBA-477E-8DC4-975ED3F79CB9}.Debug|Any CPU.ActiveCfg = Debug|Any CPU
		{450F6D2D-2EBA-477E-8DC4-975ED3F79CB9}.Debug|Any CPU.Build.0 = Debug|Any CPU
		{450F6D2D-2EBA-477E-8DC4-975ED3F79CB9}.Release|Any CPU.ActiveCfg = Release|Any CPU
		{450F6D2D-2EBA-477E-8DC4-975ED3F79CB9}.Release|Any CPU.Build.0 = Release|Any CPU
	EndGlobalSection
	GlobalSection(SolutionProperties) = preSolution
		HideSolutionNode = FALSE
	EndGlobalSection
	GlobalSection(ExtensibilityGlobals) = postSolution
		SolutionGuid = {D3A903CF-83A7-4A5C-A551-41E0AD2089B9}
	EndGlobalSection
EndGlobal
